// !$*UTF8*$!
{
	archiveVersion = 1;
	classes = {
	};
	objectVersion = 56;
	objects = {

/* Begin PBXBuildFile section */
		7407408A2B6C131F00AF5474 /* AppDelegate.swift in Sources */ = {isa = PBXBuildFile; fileRef = 740740892B6C131F00AF5474 /* AppDelegate.swift */; };
		7407408C2B6C131F00AF5474 /* SceneDelegate.swift in Sources */ = {isa = PBXBuildFile; fileRef = 7407408B2B6C131F00AF5474 /* SceneDelegate.swift */; };
		740740932B6C132900AF5474 /* Assets.xcassets in Resources */ = {isa = PBXBuildFile; fileRef = 740740922B6C132900AF5474 /* Assets.xcassets */; };
		740740962B6C132900AF5474 /* LaunchScreen.storyboard in Resources */ = {isa = PBXBuildFile; fileRef = 740740942B6C132900AF5474 /* LaunchScreen.storyboard */; };
		740740A12B6C132A00AF5474 /* GitHubFollowersTests.swift in Sources */ = {isa = PBXBuildFile; fileRef = 740740A02B6C132A00AF5474 /* GitHubFollowersTests.swift */; };
		740740BA2B6C1DD900AF5474 /* SearchViewController.swift in Sources */ = {isa = PBXBuildFile; fileRef = 740740B92B6C1DD900AF5474 /* SearchViewController.swift */; };
		740740BC2B6C1E2300AF5474 /* FavoritesListViewController.swift in Sources */ = {isa = PBXBuildFile; fileRef = 740740BB2B6C1E2300AF5474 /* FavoritesListViewController.swift */; };
		740740BE2B6C2C4A00AF5474 /* GFButton.swift in Sources */ = {isa = PBXBuildFile; fileRef = 740740BD2B6C2C4900AF5474 /* GFButton.swift */; };
		740740C02B6C49A600AF5474 /* GFTextField.swift in Sources */ = {isa = PBXBuildFile; fileRef = 740740BF2B6C49A600AF5474 /* GFTextField.swift */; };
		740740C22B6C560400AF5474 /* FollowerListViewController.swift in Sources */ = {isa = PBXBuildFile; fileRef = 740740C12B6C560400AF5474 /* FollowerListViewController.swift */; };
		740740C42B6C5E3E00AF5474 /* GFTitleLabel.swift in Sources */ = {isa = PBXBuildFile; fileRef = 740740C32B6C5E3E00AF5474 /* GFTitleLabel.swift */; };
		740740C62B6C615F00AF5474 /* GFBodyLabel.swift in Sources */ = {isa = PBXBuildFile; fileRef = 740740C52B6C615F00AF5474 /* GFBodyLabel.swift */; };
		740740C82B6C623200AF5474 /* GFAlertViewController.swift in Sources */ = {isa = PBXBuildFile; fileRef = 740740C72B6C623200AF5474 /* GFAlertViewController.swift */; };
		740740CA2B6C695700AF5474 /* UIViewController+Extension.swift in Sources */ = {isa = PBXBuildFile; fileRef = 740740C92B6C695700AF5474 /* UIViewController+Extension.swift */; };
		740740D12B6D9B0800AF5474 /* Follower.swift in Sources */ = {isa = PBXBuildFile; fileRef = 740740D02B6D9B0800AF5474 /* Follower.swift */; };
		740740D32B6D9BCA00AF5474 /* User.swift in Sources */ = {isa = PBXBuildFile; fileRef = 740740D22B6D9BCA00AF5474 /* User.swift */; };
		740740D62B6DA0C600AF5474 /* NetworkManager.swift in Sources */ = {isa = PBXBuildFile; fileRef = 740740D52B6DA0C600AF5474 /* NetworkManager.swift */; };
		74383ABA2BBDD2430031BB0C /* Constants.swift in Sources */ = {isa = PBXBuildFile; fileRef = 74383AB92BBDD2420031BB0C /* Constants.swift */; };
		7488B6E62B910D33003AF2E6 /* GFError.swift in Sources */ = {isa = PBXBuildFile; fileRef = 7488B6E52B910D33003AF2E6 /* GFError.swift */; };
		7488B6E92B911271003AF2E6 /* FollowerCell.swift in Sources */ = {isa = PBXBuildFile; fileRef = 7488B6E82B911271003AF2E6 /* FollowerCell.swift */; };
		7488B6EB2B9112F4003AF2E6 /* GFAvatarImageView.swift in Sources */ = {isa = PBXBuildFile; fileRef = 7488B6EA2B9112F4003AF2E6 /* GFAvatarImageView.swift */; };
		7488B6ED2B98E1EE003AF2E6 /* UIHelper.swift in Sources */ = {isa = PBXBuildFile; fileRef = 7488B6EC2B98E1ED003AF2E6 /* UIHelper.swift */; };
		7488B6F52B9B8344003AF2E6 /* GFEmptyStateView.swift in Sources */ = {isa = PBXBuildFile; fileRef = 7488B6F42B9B8344003AF2E6 /* GFEmptyStateView.swift */; };
		7488B6F72B9B8C08003AF2E6 /* UserInfoViewController.swift in Sources */ = {isa = PBXBuildFile; fileRef = 7488B6F62B9B8C08003AF2E6 /* UserInfoViewController.swift */; };
		7488B6F92B9B9E6B003AF2E6 /* GFUserInfoHeaderViewController.swift in Sources */ = {isa = PBXBuildFile; fileRef = 7488B6F82B9B9E6B003AF2E6 /* GFUserInfoHeaderViewController.swift */; };
		7488B6FB2B9B9ED8003AF2E6 /* GFSecondaryTitleLabel.swift in Sources */ = {isa = PBXBuildFile; fileRef = 7488B6FA2B9B9ED8003AF2E6 /* GFSecondaryTitleLabel.swift */; };
		74E6B17F2BBF145000C6EC7D /* GFItemInfoView.swift in Sources */ = {isa = PBXBuildFile; fileRef = 74E6B17E2BBF145000C6EC7D /* GFItemInfoView.swift */; };
		74E6B1812BBF192800C6EC7D /* GFItemInfoViewController.swift in Sources */ = {isa = PBXBuildFile; fileRef = 74E6B1802BBF192800C6EC7D /* GFItemInfoViewController.swift */; };
		74E6B1832BBF1C8A00C6EC7D /* GFRepoItemViewController.swift in Sources */ = {isa = PBXBuildFile; fileRef = 74E6B1822BBF1C8A00C6EC7D /* GFRepoItemViewController.swift */; };
		74E6B1852BBF1E0F00C6EC7D /* GFFollowerItemViewController.swift in Sources */ = {isa = PBXBuildFile; fileRef = 74E6B1842BBF1E0F00C6EC7D /* GFFollowerItemViewController.swift */; };
		74E6B1892BC0745300C6EC7D /* Date+Ext.swift in Sources */ = {isa = PBXBuildFile; fileRef = 74E6B1882BC0745200C6EC7D /* Date+Ext.swift */; };
		74E6B18D2BC0B75E00C6EC7D /* PersistenceManager.swift in Sources */ = {isa = PBXBuildFile; fileRef = 74E6B18C2BC0B75E00C6EC7D /* PersistenceManager.swift */; };
		74E6B18F2BC49E3F00C6EC7D /* FavoriteCell.swift in Sources */ = {isa = PBXBuildFile; fileRef = 74E6B18E2BC49E3F00C6EC7D /* FavoriteCell.swift */; };
		74E6B1922BC5A54100C6EC7D /* GFTabBarController.swift in Sources */ = {isa = PBXBuildFile; fileRef = 74E6B1912BC5A54100C6EC7D /* GFTabBarController.swift */; };
		74E6B1942BC5B1F300C6EC7D /* GFAlertContainerView.swift in Sources */ = {isa = PBXBuildFile; fileRef = 74E6B1932BC5B1F300C6EC7D /* GFAlertContainerView.swift */; };
		74E6B1962BC5B96800C6EC7D /* GFDataLoadingVC.swift in Sources */ = {isa = PBXBuildFile; fileRef = 74E6B1952BC5B96800C6EC7D /* GFDataLoadingVC.swift */; };
		74E6B1982BC6FFAF00C6EC7D /* UIView+Ext.swift in Sources */ = {isa = PBXBuildFile; fileRef = 74E6B1972BC6FFAF00C6EC7D /* UIView+Ext.swift */; };
		74E6B19A2BC70D6100C6EC7D /* UITableView+Ext.swift in Sources */ = {isa = PBXBuildFile; fileRef = 74E6B1992BC70D6100C6EC7D /* UITableView+Ext.swift */; };
/* End PBXBuildFile section */

/* Begin PBXContainerItemProxy section */
		7407409D2B6C132900AF5474 /* PBXContainerItemProxy */ = {
			isa = PBXContainerItemProxy;
			containerPortal = 7407407E2B6C131F00AF5474 /* Project object */;
			proxyType = 1;
			remoteGlobalIDString = 740740852B6C131F00AF5474;
			remoteInfo = GitHubFollowers;
		};
/* End PBXContainerItemProxy section */

/* Begin PBXFileReference section */
		740740862B6C131F00AF5474 /* GitHubFollowers.app */ = {isa = PBXFileReference; explicitFileType = wrapper.application; includeInIndex = 0; path = GitHubFollowers.app; sourceTree = BUILT_PRODUCTS_DIR; };
		740740892B6C131F00AF5474 /* AppDelegate.swift */ = {isa = PBXFileReference; lastKnownFileType = sourcecode.swift; path = AppDelegate.swift; sourceTree = "<group>"; };
		7407408B2B6C131F00AF5474 /* SceneDelegate.swift */ = {isa = PBXFileReference; lastKnownFileType = sourcecode.swift; path = SceneDelegate.swift; sourceTree = "<group>"; };
		740740922B6C132900AF5474 /* Assets.xcassets */ = {isa = PBXFileReference; lastKnownFileType = folder.assetcatalog; path = Assets.xcassets; sourceTree = "<group>"; };
		740740952B6C132900AF5474 /* Base */ = {isa = PBXFileReference; lastKnownFileType = file.storyboard; name = Base; path = Base.lproj/LaunchScreen.storyboard; sourceTree = "<group>"; };
		740740972B6C132900AF5474 /* Info.plist */ = {isa = PBXFileReference; lastKnownFileType = text.plist.xml; path = Info.plist; sourceTree = "<group>"; };
		7407409C2B6C132900AF5474 /* GitHubFollowersTests.xctest */ = {isa = PBXFileReference; explicitFileType = wrapper.cfbundle; includeInIndex = 0; path = GitHubFollowersTests.xctest; sourceTree = BUILT_PRODUCTS_DIR; };
		740740A02B6C132A00AF5474 /* GitHubFollowersTests.swift */ = {isa = PBXFileReference; lastKnownFileType = sourcecode.swift; path = GitHubFollowersTests.swift; sourceTree = "<group>"; };
		740740B92B6C1DD900AF5474 /* SearchViewController.swift */ = {isa = PBXFileReference; lastKnownFileType = sourcecode.swift; path = SearchViewController.swift; sourceTree = "<group>"; };
		740740BB2B6C1E2300AF5474 /* FavoritesListViewController.swift */ = {isa = PBXFileReference; lastKnownFileType = sourcecode.swift; path = FavoritesListViewController.swift; sourceTree = "<group>"; };
		740740BD2B6C2C4900AF5474 /* GFButton.swift */ = {isa = PBXFileReference; lastKnownFileType = sourcecode.swift; path = GFButton.swift; sourceTree = "<group>"; };
		740740BF2B6C49A600AF5474 /* GFTextField.swift */ = {isa = PBXFileReference; lastKnownFileType = sourcecode.swift; path = GFTextField.swift; sourceTree = "<group>"; };
		740740C12B6C560400AF5474 /* FollowerListViewController.swift */ = {isa = PBXFileReference; lastKnownFileType = sourcecode.swift; path = FollowerListViewController.swift; sourceTree = "<group>"; };
		740740C32B6C5E3E00AF5474 /* GFTitleLabel.swift */ = {isa = PBXFileReference; lastKnownFileType = sourcecode.swift; path = GFTitleLabel.swift; sourceTree = "<group>"; };
		740740C52B6C615F00AF5474 /* GFBodyLabel.swift */ = {isa = PBXFileReference; lastKnownFileType = sourcecode.swift; path = GFBodyLabel.swift; sourceTree = "<group>"; };
		740740C72B6C623200AF5474 /* GFAlertViewController.swift */ = {isa = PBXFileReference; lastKnownFileType = sourcecode.swift; path = GFAlertViewController.swift; sourceTree = "<group>"; };
		740740C92B6C695700AF5474 /* UIViewController+Extension.swift */ = {isa = PBXFileReference; lastKnownFileType = sourcecode.swift; path = "UIViewController+Extension.swift"; sourceTree = "<group>"; };
		740740D02B6D9B0800AF5474 /* Follower.swift */ = {isa = PBXFileReference; lastKnownFileType = sourcecode.swift; path = Follower.swift; sourceTree = "<group>"; };
		740740D22B6D9BCA00AF5474 /* User.swift */ = {isa = PBXFileReference; lastKnownFileType = sourcecode.swift; path = User.swift; sourceTree = "<group>"; };
		740740D52B6DA0C600AF5474 /* NetworkManager.swift */ = {isa = PBXFileReference; lastKnownFileType = sourcecode.swift; path = NetworkManager.swift; sourceTree = "<group>"; };
		74383AB92BBDD2420031BB0C /* Constants.swift */ = {isa = PBXFileReference; lastKnownFileType = sourcecode.swift; path = Constants.swift; sourceTree = "<group>"; };
		7488B6E52B910D33003AF2E6 /* GFError.swift */ = {isa = PBXFileReference; lastKnownFileType = sourcecode.swift; path = GFError.swift; sourceTree = "<group>"; };
		7488B6E82B911271003AF2E6 /* FollowerCell.swift */ = {isa = PBXFileReference; lastKnownFileType = sourcecode.swift; path = FollowerCell.swift; sourceTree = "<group>"; };
		7488B6EA2B9112F4003AF2E6 /* GFAvatarImageView.swift */ = {isa = PBXFileReference; lastKnownFileType = sourcecode.swift; path = GFAvatarImageView.swift; sourceTree = "<group>"; };
		7488B6EC2B98E1ED003AF2E6 /* UIHelper.swift */ = {isa = PBXFileReference; lastKnownFileType = sourcecode.swift; path = UIHelper.swift; sourceTree = "<group>"; };
		7488B6F42B9B8344003AF2E6 /* GFEmptyStateView.swift */ = {isa = PBXFileReference; lastKnownFileType = sourcecode.swift; path = GFEmptyStateView.swift; sourceTree = "<group>"; };
		7488B6F62B9B8C08003AF2E6 /* UserInfoViewController.swift */ = {isa = PBXFileReference; lastKnownFileType = sourcecode.swift; path = UserInfoViewController.swift; sourceTree = "<group>"; };
		7488B6F82B9B9E6B003AF2E6 /* GFUserInfoHeaderViewController.swift */ = {isa = PBXFileReference; lastKnownFileType = sourcecode.swift; path = GFUserInfoHeaderViewController.swift; sourceTree = "<group>"; };
		7488B6FA2B9B9ED8003AF2E6 /* GFSecondaryTitleLabel.swift */ = {isa = PBXFileReference; lastKnownFileType = sourcecode.swift; path = GFSecondaryTitleLabel.swift; sourceTree = "<group>"; };
		74E6B17E2BBF145000C6EC7D /* GFItemInfoView.swift */ = {isa = PBXFileReference; lastKnownFileType = sourcecode.swift; path = GFItemInfoView.swift; sourceTree = "<group>"; };
		74E6B1802BBF192800C6EC7D /* GFItemInfoViewController.swift */ = {isa = PBXFileReference; lastKnownFileType = sourcecode.swift; path = GFItemInfoViewController.swift; sourceTree = "<group>"; };
		74E6B1822BBF1C8A00C6EC7D /* GFRepoItemViewController.swift */ = {isa = PBXFileReference; lastKnownFileType = sourcecode.swift; path = GFRepoItemViewController.swift; sourceTree = "<group>"; };
		74E6B1842BBF1E0F00C6EC7D /* GFFollowerItemViewController.swift */ = {isa = PBXFileReference; lastKnownFileType = sourcecode.swift; path = GFFollowerItemViewController.swift; sourceTree = "<group>"; };
		74E6B1882BC0745200C6EC7D /* Date+Ext.swift */ = {isa = PBXFileReference; lastKnownFileType = sourcecode.swift; path = "Date+Ext.swift"; sourceTree = "<group>"; };
		74E6B18C2BC0B75E00C6EC7D /* PersistenceManager.swift */ = {isa = PBXFileReference; lastKnownFileType = sourcecode.swift; path = PersistenceManager.swift; sourceTree = "<group>"; };
		74E6B18E2BC49E3F00C6EC7D /* FavoriteCell.swift */ = {isa = PBXFileReference; lastKnownFileType = sourcecode.swift; path = FavoriteCell.swift; sourceTree = "<group>"; };
		74E6B1912BC5A54100C6EC7D /* GFTabBarController.swift */ = {isa = PBXFileReference; lastKnownFileType = sourcecode.swift; path = GFTabBarController.swift; sourceTree = "<group>"; };
		74E6B1932BC5B1F300C6EC7D /* GFAlertContainerView.swift */ = {isa = PBXFileReference; lastKnownFileType = sourcecode.swift; path = GFAlertContainerView.swift; sourceTree = "<group>"; };
		74E6B1952BC5B96800C6EC7D /* GFDataLoadingVC.swift */ = {isa = PBXFileReference; lastKnownFileType = sourcecode.swift; path = GFDataLoadingVC.swift; sourceTree = "<group>"; };
		74E6B1972BC6FFAF00C6EC7D /* UIView+Ext.swift */ = {isa = PBXFileReference; lastKnownFileType = sourcecode.swift; path = "UIView+Ext.swift"; sourceTree = "<group>"; };
		74E6B1992BC70D6100C6EC7D /* UITableView+Ext.swift */ = {isa = PBXFileReference; lastKnownFileType = sourcecode.swift; path = "UITableView+Ext.swift"; sourceTree = "<group>"; };
/* End PBXFileReference section */

/* Begin PBXFrameworksBuildPhase section */
		740740832B6C131F00AF5474 /* Frameworks */ = {
			isa = PBXFrameworksBuildPhase;
			buildActionMask = 2147483647;
			files = (
			);
			runOnlyForDeploymentPostprocessing = 0;
		};
		740740992B6C132900AF5474 /* Frameworks */ = {
			isa = PBXFrameworksBuildPhase;
			buildActionMask = 2147483647;
			files = (
			);
			runOnlyForDeploymentPostprocessing = 0;
		};
/* End PBXFrameworksBuildPhase section */

/* Begin PBXGroup section */
		7407407D2B6C131F00AF5474 = {
			isa = PBXGroup;
			children = (
				740740882B6C131F00AF5474 /* GitHubFollowers */,
				7407409F2B6C132A00AF5474 /* GitHubFollowersTests */,
				740740872B6C131F00AF5474 /* Products */,
			);
			sourceTree = "<group>";
		};
		740740872B6C131F00AF5474 /* Products */ = {
			isa = PBXGroup;
			children = (
				740740862B6C131F00AF5474 /* GitHubFollowers.app */,
				7407409C2B6C132900AF5474 /* GitHubFollowersTests.xctest */,
			);
			name = Products;
			sourceTree = "<group>";
		};
		740740882B6C131F00AF5474 /* GitHubFollowers */ = {
			isa = PBXGroup;
			children = (
				740740CE2B6D968100AF5474 /* Support */,
				7488B6E42B910D18003AF2E6 /* Utilities */,
				740740D42B6DA0AD00AF5474 /* Managers */,
				740740CF2B6D9AF700AF5474 /* Model */,
				740740972B6C132900AF5474 /* Info.plist */,
				740740CD2B6D967500AF5474 /* Extensions */,
				740740CC2B6D966400AF5474 /* Custom Views */,
				740740CB2B6D965300AF5474 /* Screens */,
			);
			path = GitHubFollowers;
			sourceTree = "<group>";
		};
		7407409F2B6C132A00AF5474 /* GitHubFollowersTests */ = {
			isa = PBXGroup;
			children = (
				740740A02B6C132A00AF5474 /* GitHubFollowersTests.swift */,
			);
			path = GitHubFollowersTests;
			sourceTree = "<group>";
		};
		740740CB2B6D965300AF5474 /* Screens */ = {
			isa = PBXGroup;
			children = (
				740740B92B6C1DD900AF5474 /* SearchViewController.swift */,
				740740C12B6C560400AF5474 /* FollowerListViewController.swift */,
				740740BB2B6C1E2300AF5474 /* FavoritesListViewController.swift */,
				7488B6F62B9B8C08003AF2E6 /* UserInfoViewController.swift */,
			);
			path = Screens;
			sourceTree = "<group>";
		};
		740740CC2B6D966400AF5474 /* Custom Views */ = {
			isa = PBXGroup;
			children = (
				74E6B1902BC5A50000C6EC7D /* TabBarControllers */,
				7488B6F32B9B82C9003AF2E6 /* Labels */,
				7488B6F22B9B82BD003AF2E6 /* ViewControllers */,
				7488B6F12B9B82B5003AF2E6 /* ImageViews */,
				7488B6F02B9B82AD003AF2E6 /* TextFields */,
				7488B6EF2B9B82A4003AF2E6 /* Buttons */,
				7488B6EE2B9B829B003AF2E6 /* Views */,
				7488B6E72B91124B003AF2E6 /* Cells */,
			);
			path = "Custom Views";
			sourceTree = "<group>";
		};
		740740CD2B6D967500AF5474 /* Extensions */ = {
			isa = PBXGroup;
			children = (
				740740C92B6C695700AF5474 /* UIViewController+Extension.swift */,
				74E6B1882BC0745200C6EC7D /* Date+Ext.swift */,
				74E6B1972BC6FFAF00C6EC7D /* UIView+Ext.swift */,
				74E6B1992BC70D6100C6EC7D /* UITableView+Ext.swift */,
			);
			path = Extensions;
			sourceTree = "<group>";
		};
		740740CE2B6D968100AF5474 /* Support */ = {
			isa = PBXGroup;
			children = (
				740740892B6C131F00AF5474 /* AppDelegate.swift */,
				7407408B2B6C131F00AF5474 /* SceneDelegate.swift */,
				740740922B6C132900AF5474 /* Assets.xcassets */,
				740740942B6C132900AF5474 /* LaunchScreen.storyboard */,
			);
			path = Support;
			sourceTree = "<group>";
		};
		740740CF2B6D9AF700AF5474 /* Model */ = {
			isa = PBXGroup;
			children = (
				740740D02B6D9B0800AF5474 /* Follower.swift */,
				740740D22B6D9BCA00AF5474 /* User.swift */,
			);
			path = Model;
			sourceTree = "<group>";
		};
		740740D42B6DA0AD00AF5474 /* Managers */ = {
			isa = PBXGroup;
			children = (
				740740D52B6DA0C600AF5474 /* NetworkManager.swift */,
				74E6B18C2BC0B75E00C6EC7D /* PersistenceManager.swift */,
			);
			path = Managers;
			sourceTree = "<group>";
		};
		7488B6E42B910D18003AF2E6 /* Utilities */ = {
			isa = PBXGroup;
			children = (
				7488B6E52B910D33003AF2E6 /* GFError.swift */,
				7488B6EC2B98E1ED003AF2E6 /* UIHelper.swift */,
				74383AB92BBDD2420031BB0C /* Constants.swift */,
			);
			path = Utilities;
			sourceTree = "<group>";
		};
		7488B6E72B91124B003AF2E6 /* Cells */ = {
			isa = PBXGroup;
			children = (
				7488B6E82B911271003AF2E6 /* FollowerCell.swift */,
				74E6B18E2BC49E3F00C6EC7D /* FavoriteCell.swift */,
			);
			path = Cells;
			sourceTree = "<group>";
		};
		7488B6EE2B9B829B003AF2E6 /* Views */ = {
			isa = PBXGroup;
			children = (
				7488B6F42B9B8344003AF2E6 /* GFEmptyStateView.swift */,
				74E6B17E2BBF145000C6EC7D /* GFItemInfoView.swift */,
				74E6B1932BC5B1F300C6EC7D /* GFAlertContainerView.swift */,
			);
			path = Views;
			sourceTree = "<group>";
		};
		7488B6EF2B9B82A4003AF2E6 /* Buttons */ = {
			isa = PBXGroup;
			children = (
				740740BD2B6C2C4900AF5474 /* GFButton.swift */,
			);
			path = Buttons;
			sourceTree = "<group>";
		};
		7488B6F02B9B82AD003AF2E6 /* TextFields */ = {
			isa = PBXGroup;
			children = (
				740740BF2B6C49A600AF5474 /* GFTextField.swift */,
			);
			path = TextFields;
			sourceTree = "<group>";
		};
		7488B6F12B9B82B5003AF2E6 /* ImageViews */ = {
			isa = PBXGroup;
			children = (
				7488B6EA2B9112F4003AF2E6 /* GFAvatarImageView.swift */,
			);
			path = ImageViews;
			sourceTree = "<group>";
		};
		7488B6F22B9B82BD003AF2E6 /* ViewControllers */ = {
			isa = PBXGroup;
			children = (
				74E6B1862BBF1E6E00C6EC7D /* ItemInfoVCs */,
				740740C72B6C623200AF5474 /* GFAlertViewController.swift */,
				7488B6F82B9B9E6B003AF2E6 /* GFUserInfoHeaderViewController.swift */,
				74E6B1952BC5B96800C6EC7D /* GFDataLoadingVC.swift */,
			);
			path = ViewControllers;
			sourceTree = "<group>";
		};
		7488B6F32B9B82C9003AF2E6 /* Labels */ = {
			isa = PBXGroup;
			children = (
				7488B6FA2B9B9ED8003AF2E6 /* GFSecondaryTitleLabel.swift */,
				740740C52B6C615F00AF5474 /* GFBodyLabel.swift */,
				740740C32B6C5E3E00AF5474 /* GFTitleLabel.swift */,
			);
			path = Labels;
			sourceTree = "<group>";
		};
		74E6B1862BBF1E6E00C6EC7D /* ItemInfoVCs */ = {
			isa = PBXGroup;
			children = (
				74E6B1802BBF192800C6EC7D /* GFItemInfoViewController.swift */,
				74E6B1822BBF1C8A00C6EC7D /* GFRepoItemViewController.swift */,
				74E6B1842BBF1E0F00C6EC7D /* GFFollowerItemViewController.swift */,
			);
			path = ItemInfoVCs;
			sourceTree = "<group>";
		};
		74E6B1902BC5A50000C6EC7D /* TabBarControllers */ = {
			isa = PBXGroup;
			children = (
				74E6B1912BC5A54100C6EC7D /* GFTabBarController.swift */,
			);
			path = TabBarControllers;
			sourceTree = "<group>";
		};
/* End PBXGroup section */

/* Begin PBXNativeTarget section */
		740740852B6C131F00AF5474 /* GitHubFollowers */ = {
			isa = PBXNativeTarget;
			buildConfigurationList = 740740B02B6C132A00AF5474 /* Build configuration list for PBXNativeTarget "GitHubFollowers" */;
			buildPhases = (
				740740822B6C131F00AF5474 /* Sources */,
				740740832B6C131F00AF5474 /* Frameworks */,
				740740842B6C131F00AF5474 /* Resources */,
			);
			buildRules = (
			);
			dependencies = (
			);
			name = GitHubFollowers;
			productName = GitHubFollowers;
			productReference = 740740862B6C131F00AF5474 /* GitHubFollowers.app */;
			productType = "com.apple.product-type.application";
		};
		7407409B2B6C132900AF5474 /* GitHubFollowersTests */ = {
			isa = PBXNativeTarget;
			buildConfigurationList = 740740B32B6C132A00AF5474 /* Build configuration list for PBXNativeTarget "GitHubFollowersTests" */;
			buildPhases = (
				740740982B6C132900AF5474 /* Sources */,
				740740992B6C132900AF5474 /* Frameworks */,
				7407409A2B6C132900AF5474 /* Resources */,
			);
			buildRules = (
			);
			dependencies = (
				7407409E2B6C132900AF5474 /* PBXTargetDependency */,
			);
			name = GitHubFollowersTests;
			productName = GitHubFollowersTests;
			productReference = 7407409C2B6C132900AF5474 /* GitHubFollowersTests.xctest */;
			productType = "com.apple.product-type.bundle.unit-test";
		};
/* End PBXNativeTarget section */

/* Begin PBXProject section */
		7407407E2B6C131F00AF5474 /* Project object */ = {
			isa = PBXProject;
			attributes = {
				BuildIndependentTargetsInParallel = 1;
				LastSwiftUpdateCheck = 1420;
				LastUpgradeCheck = 1420;
				TargetAttributes = {
					740740852B6C131F00AF5474 = {
						CreatedOnToolsVersion = 14.2;
					};
					7407409B2B6C132900AF5474 = {
						CreatedOnToolsVersion = 14.2;
						TestTargetID = 740740852B6C131F00AF5474;
					};
				};
			};
			buildConfigurationList = 740740812B6C131F00AF5474 /* Build configuration list for PBXProject "GitHubFollowers" */;
			compatibilityVersion = "Xcode 14.0";
			developmentRegion = en;
			hasScannedForEncodings = 0;
			knownRegions = (
				en,
				Base,
			);
			mainGroup = 7407407D2B6C131F00AF5474;
			productRefGroup = 740740872B6C131F00AF5474 /* Products */;
			projectDirPath = "";
			projectRoot = "";
			targets = (
				740740852B6C131F00AF5474 /* GitHubFollowers */,
				7407409B2B6C132900AF5474 /* GitHubFollowersTests */,
			);
		};
/* End PBXProject section */

/* Begin PBXResourcesBuildPhase section */
		740740842B6C131F00AF5474 /* Resources */ = {
			isa = PBXResourcesBuildPhase;
			buildActionMask = 2147483647;
			files = (
				740740962B6C132900AF5474 /* LaunchScreen.storyboard in Resources */,
				740740932B6C132900AF5474 /* Assets.xcassets in Resources */,
			);
			runOnlyForDeploymentPostprocessing = 0;
		};
		7407409A2B6C132900AF5474 /* Resources */ = {
			isa = PBXResourcesBuildPhase;
			buildActionMask = 2147483647;
			files = (
			);
			runOnlyForDeploymentPostprocessing = 0;
		};
/* End PBXResourcesBuildPhase section */

/* Begin PBXSourcesBuildPhase section */
		740740822B6C131F00AF5474 /* Sources */ = {
			isa = PBXSourcesBuildPhase;
			buildActionMask = 2147483647;
			files = (
				74E6B1982BC6FFAF00C6EC7D /* UIView+Ext.swift in Sources */,
				740740D32B6D9BCA00AF5474 /* User.swift in Sources */,
				740740C82B6C623200AF5474 /* GFAlertViewController.swift in Sources */,
				740740CA2B6C695700AF5474 /* UIViewController+Extension.swift in Sources */,
				740740C02B6C49A600AF5474 /* GFTextField.swift in Sources */,
				740740BA2B6C1DD900AF5474 /* SearchViewController.swift in Sources */,
				7488B6ED2B98E1EE003AF2E6 /* UIHelper.swift in Sources */,
				74E6B1852BBF1E0F00C6EC7D /* GFFollowerItemViewController.swift in Sources */,
				74E6B1832BBF1C8A00C6EC7D /* GFRepoItemViewController.swift in Sources */,
				74383ABA2BBDD2430031BB0C /* Constants.swift in Sources */,
				7488B6EB2B9112F4003AF2E6 /* GFAvatarImageView.swift in Sources */,
				740740BE2B6C2C4A00AF5474 /* GFButton.swift in Sources */,
				7488B6F92B9B9E6B003AF2E6 /* GFUserInfoHeaderViewController.swift in Sources */,
				74E6B17F2BBF145000C6EC7D /* GFItemInfoView.swift in Sources */,
				74E6B18F2BC49E3F00C6EC7D /* FavoriteCell.swift in Sources */,
				740740C22B6C560400AF5474 /* FollowerListViewController.swift in Sources */,
				74E6B1922BC5A54100C6EC7D /* GFTabBarController.swift in Sources */,
				7488B6E92B911271003AF2E6 /* FollowerCell.swift in Sources */,
				7488B6E62B910D33003AF2E6 /* GFError.swift in Sources */,
				740740C62B6C615F00AF5474 /* GFBodyLabel.swift in Sources */,
				74E6B1962BC5B96800C6EC7D /* GFDataLoadingVC.swift in Sources */,
				740740D12B6D9B0800AF5474 /* Follower.swift in Sources */,
				74E6B1942BC5B1F300C6EC7D /* GFAlertContainerView.swift in Sources */,
				740740C42B6C5E3E00AF5474 /* GFTitleLabel.swift in Sources */,
				74E6B1892BC0745300C6EC7D /* Date+Ext.swift in Sources */,
				74E6B18D2BC0B75E00C6EC7D /* PersistenceManager.swift in Sources */,
				7488B6FB2B9B9ED8003AF2E6 /* GFSecondaryTitleLabel.swift in Sources */,
				7488B6F52B9B8344003AF2E6 /* GFEmptyStateView.swift in Sources */,
				740740D62B6DA0C600AF5474 /* NetworkManager.swift in Sources */,
				7407408A2B6C131F00AF5474 /* AppDelegate.swift in Sources */,
				74E6B1812BBF192800C6EC7D /* GFItemInfoViewController.swift in Sources */,
				7488B6F72B9B8C08003AF2E6 /* UserInfoViewController.swift in Sources */,
				74E6B19A2BC70D6100C6EC7D /* UITableView+Ext.swift in Sources */,
				740740BC2B6C1E2300AF5474 /* FavoritesListViewController.swift in Sources */,
				7407408C2B6C131F00AF5474 /* SceneDelegate.swift in Sources */,
			);
			runOnlyForDeploymentPostprocessing = 0;
		};
		740740982B6C132900AF5474 /* Sources */ = {
			isa = PBXSourcesBuildPhase;
			buildActionMask = 2147483647;
			files = (
				740740A12B6C132A00AF5474 /* GitHubFollowersTests.swift in Sources */,
			);
			runOnlyForDeploymentPostprocessing = 0;
		};
/* End PBXSourcesBuildPhase section */

/* Begin PBXTargetDependency section */
		7407409E2B6C132900AF5474 /* PBXTargetDependency */ = {
			isa = PBXTargetDependency;
			target = 740740852B6C131F00AF5474 /* GitHubFollowers */;
			targetProxy = 7407409D2B6C132900AF5474 /* PBXContainerItemProxy */;
		};
/* End PBXTargetDependency section */

/* Begin PBXVariantGroup section */
		740740942B6C132900AF5474 /* LaunchScreen.storyboard */ = {
			isa = PBXVariantGroup;
			children = (
				740740952B6C132900AF5474 /* Base */,
			);
			name = LaunchScreen.storyboard;
			sourceTree = "<group>";
		};
/* End PBXVariantGroup section */

/* Begin XCBuildConfiguration section */
		740740AE2B6C132A00AF5474 /* Debug */ = {
			isa = XCBuildConfiguration;
			buildSettings = {
				ALWAYS_SEARCH_USER_PATHS = NO;
				CLANG_ANALYZER_NONNULL = YES;
				CLANG_ANALYZER_NUMBER_OBJECT_CONVERSION = YES_AGGRESSIVE;
				CLANG_CXX_LANGUAGE_STANDARD = "gnu++20";
				CLANG_ENABLE_MODULES = YES;
				CLANG_ENABLE_OBJC_ARC = YES;
				CLANG_ENABLE_OBJC_WEAK = YES;
				CLANG_WARN_BLOCK_CAPTURE_AUTORELEASING = YES;
				CLANG_WARN_BOOL_CONVERSION = YES;
				CLANG_WARN_COMMA = YES;
				CLANG_WARN_CONSTANT_CONVERSION = YES;
				CLANG_WARN_DEPRECATED_OBJC_IMPLEMENTATIONS = YES;
				CLANG_WARN_DIRECT_OBJC_ISA_USAGE = YES_ERROR;
				CLANG_WARN_DOCUMENTATION_COMMENTS = YES;
				CLANG_WARN_EMPTY_BODY = YES;
				CLANG_WARN_ENUM_CONVERSION = YES;
				CLANG_WARN_INFINITE_RECURSION = YES;
				CLANG_WARN_INT_CONVERSION = YES;
				CLANG_WARN_NON_LITERAL_NULL_CONVERSION = YES;
				CLANG_WARN_OBJC_IMPLICIT_RETAIN_SELF = YES;
				CLANG_WARN_OBJC_LITERAL_CONVERSION = YES;
				CLANG_WARN_OBJC_ROOT_CLASS = YES_ERROR;
				CLANG_WARN_QUOTED_INCLUDE_IN_FRAMEWORK_HEADER = YES;
				CLANG_WARN_RANGE_LOOP_ANALYSIS = YES;
				CLANG_WARN_STRICT_PROTOTYPES = YES;
				CLANG_WARN_SUSPICIOUS_MOVE = YES;
				CLANG_WARN_UNGUARDED_AVAILABILITY = YES_AGGRESSIVE;
				CLANG_WARN_UNREACHABLE_CODE = YES;
				CLANG_WARN__DUPLICATE_METHOD_MATCH = YES;
				COPY_PHASE_STRIP = NO;
				DEBUG_INFORMATION_FORMAT = dwarf;
				ENABLE_STRICT_OBJC_MSGSEND = YES;
				ENABLE_TESTABILITY = YES;
				GCC_C_LANGUAGE_STANDARD = gnu11;
				GCC_DYNAMIC_NO_PIC = NO;
				GCC_NO_COMMON_BLOCKS = YES;
				GCC_OPTIMIZATION_LEVEL = 0;
				GCC_PREPROCESSOR_DEFINITIONS = (
					"DEBUG=1",
					"$(inherited)",
				);
				GCC_WARN_64_TO_32_BIT_CONVERSION = YES;
				GCC_WARN_ABOUT_RETURN_TYPE = YES_ERROR;
				GCC_WARN_UNDECLARED_SELECTOR = YES;
				GCC_WARN_UNINITIALIZED_AUTOS = YES_AGGRESSIVE;
				GCC_WARN_UNUSED_FUNCTION = YES;
				GCC_WARN_UNUSED_VARIABLE = YES;
				IPHONEOS_DEPLOYMENT_TARGET = 16.2;
				MTL_ENABLE_DEBUG_INFO = INCLUDE_SOURCE;
				MTL_FAST_MATH = YES;
				ONLY_ACTIVE_ARCH = YES;
				SDKROOT = iphoneos;
				SWIFT_ACTIVE_COMPILATION_CONDITIONS = DEBUG;
				SWIFT_OPTIMIZATION_LEVEL = "-Onone";
			};
			name = Debug;
		};
		740740AF2B6C132A00AF5474 /* Release */ = {
			isa = XCBuildConfiguration;
			buildSettings = {
				ALWAYS_SEARCH_USER_PATHS = NO;
				CLANG_ANALYZER_NONNULL = YES;
				CLANG_ANALYZER_NUMBER_OBJECT_CONVERSION = YES_AGGRESSIVE;
				CLANG_CXX_LANGUAGE_STANDARD = "gnu++20";
				CLANG_ENABLE_MODULES = YES;
				CLANG_ENABLE_OBJC_ARC = YES;
				CLANG_ENABLE_OBJC_WEAK = YES;
				CLANG_WARN_BLOCK_CAPTURE_AUTORELEASING = YES;
				CLANG_WARN_BOOL_CONVERSION = YES;
				CLANG_WARN_COMMA = YES;
				CLANG_WARN_CONSTANT_CONVERSION = YES;
				CLANG_WARN_DEPRECATED_OBJC_IMPLEMENTATIONS = YES;
				CLANG_WARN_DIRECT_OBJC_ISA_USAGE = YES_ERROR;
				CLANG_WARN_DOCUMENTATION_COMMENTS = YES;
				CLANG_WARN_EMPTY_BODY = YES;
				CLANG_WARN_ENUM_CONVERSION = YES;
				CLANG_WARN_INFINITE_RECURSION = YES;
				CLANG_WARN_INT_CONVERSION = YES;
				CLANG_WARN_NON_LITERAL_NULL_CONVERSION = YES;
				CLANG_WARN_OBJC_IMPLICIT_RETAIN_SELF = YES;
				CLANG_WARN_OBJC_LITERAL_CONVERSION = YES;
				CLANG_WARN_OBJC_ROOT_CLASS = YES_ERROR;
				CLANG_WARN_QUOTED_INCLUDE_IN_FRAMEWORK_HEADER = YES;
				CLANG_WARN_RANGE_LOOP_ANALYSIS = YES;
				CLANG_WARN_STRICT_PROTOTYPES = YES;
				CLANG_WARN_SUSPICIOUS_MOVE = YES;
				CLANG_WARN_UNGUARDED_AVAILABILITY = YES_AGGRESSIVE;
				CLANG_WARN_UNREACHABLE_CODE = YES;
				CLANG_WARN__DUPLICATE_METHOD_MATCH = YES;
				COPY_PHASE_STRIP = NO;
				DEBUG_INFORMATION_FORMAT = "dwarf-with-dsym";
				ENABLE_NS_ASSERTIONS = NO;
				ENABLE_STRICT_OBJC_MSGSEND = YES;
				GCC_C_LANGUAGE_STANDARD = gnu11;
				GCC_NO_COMMON_BLOCKS = YES;
				GCC_WARN_64_TO_32_BIT_CONVERSION = YES;
				GCC_WARN_ABOUT_RETURN_TYPE = YES_ERROR;
				GCC_WARN_UNDECLARED_SELECTOR = YES;
				GCC_WARN_UNINITIALIZED_AUTOS = YES_AGGRESSIVE;
				GCC_WARN_UNUSED_FUNCTION = YES;
				GCC_WARN_UNUSED_VARIABLE = YES;
				IPHONEOS_DEPLOYMENT_TARGET = 16.2;
				MTL_ENABLE_DEBUG_INFO = NO;
				MTL_FAST_MATH = YES;
				SDKROOT = iphoneos;
				SWIFT_COMPILATION_MODE = wholemodule;
				SWIFT_OPTIMIZATION_LEVEL = "-O";
				VALIDATE_PRODUCT = YES;
			};
			name = Release;
		};
		740740B12B6C132A00AF5474 /* Debug */ = {
			isa = XCBuildConfiguration;
			buildSettings = {
				ASSETCATALOG_COMPILER_APPICON_NAME = AppIcon;
				ASSETCATALOG_COMPILER_GLOBAL_ACCENT_COLOR_NAME = AccentColor;
				CODE_SIGN_STYLE = Automatic;
				CURRENT_PROJECT_VERSION = 1;
				DEVELOPMENT_TEAM = PU625P2UW3;
				GENERATE_INFOPLIST_FILE = YES;
				INFOPLIST_FILE = GitHubFollowers/Info.plist;
				INFOPLIST_KEY_UIApplicationSupportsIndirectInputEvents = YES;
				INFOPLIST_KEY_UILaunchStoryboardName = LaunchScreen;
				INFOPLIST_KEY_UISupportedInterfaceOrientations = UIInterfaceOrientationPortrait;
				INFOPLIST_KEY_UISupportedInterfaceOrientations_iPad = "UIInterfaceOrientationPortrait UIInterfaceOrientationPortraitUpsideDown";
				IPHONEOS_DEPLOYMENT_TARGET = 15.0;
				LD_RUNPATH_SEARCH_PATHS = (
					"$(inherited)",
					"@executable_path/Frameworks",
				);
				MARKETING_VERSION = 1.0;
				PRODUCT_BUNDLE_IDENTIFIER = com.hferrari.GitHubFollowers;
				PRODUCT_NAME = "$(TARGET_NAME)";
				SUPPORTED_PLATFORMS = "iphoneos iphonesimulator";
				SUPPORTS_MACCATALYST = NO;
				SUPPORTS_MAC_DESIGNED_FOR_IPHONE_IPAD = YES;
				SWIFT_EMIT_LOC_STRINGS = YES;
				SWIFT_VERSION = 5.0;
				TARGETED_DEVICE_FAMILY = 1;
			};
			name = Debug;
		};
		740740B22B6C132A00AF5474 /* Release */ = {
			isa = XCBuildConfiguration;
			buildSettings = {
				ASSETCATALOG_COMPILER_APPICON_NAME = AppIcon;
				ASSETCATALOG_COMPILER_GLOBAL_ACCENT_COLOR_NAME = AccentColor;
				CODE_SIGN_STYLE = Automatic;
				CURRENT_PROJECT_VERSION = 1;
				DEVELOPMENT_TEAM = PU625P2UW3;
				GENERATE_INFOPLIST_FILE = YES;
				INFOPLIST_FILE = GitHubFollowers/Info.plist;
				INFOPLIST_KEY_UIApplicationSupportsIndirectInputEvents = YES;
				INFOPLIST_KEY_UILaunchStoryboardName = LaunchScreen;
				INFOPLIST_KEY_UISupportedInterfaceOrientations = UIInterfaceOrientationPortrait;
				INFOPLIST_KEY_UISupportedInterfaceOrientations_iPad = "UIInterfaceOrientationPortrait UIInterfaceOrientationPortraitUpsideDown";
				IPHONEOS_DEPLOYMENT_TARGET = 15.0;
				LD_RUNPATH_SEARCH_PATHS = (
					"$(inherited)",
					"@executable_path/Frameworks",
				);
				MARKETING_VERSION = 1.0;
				PRODUCT_BUNDLE_IDENTIFIER = com.hferrari.GitHubFollowers;
				PRODUCT_NAME = "$(TARGET_NAME)";
				SUPPORTED_PLATFORMS = "iphoneos iphonesimulator";
				SUPPORTS_MACCATALYST = NO;
				SUPPORTS_MAC_DESIGNED_FOR_IPHONE_IPAD = YES;
				SWIFT_EMIT_LOC_STRINGS = YES;
				SWIFT_VERSION = 5.0;
				TARGETED_DEVICE_FAMILY = 1;
			};
			name = Release;
		};
		740740B42B6C132A00AF5474 /* Debug */ = {
			isa = XCBuildConfiguration;
			buildSettings = {
				ALWAYS_EMBED_SWIFT_STANDARD_LIBRARIES = YES;
				BUNDLE_LOADER = "$(TEST_HOST)";
				CODE_SIGN_STYLE = Automatic;
				CURRENT_PROJECT_VERSION = 1;
				DEVELOPMENT_TEAM = PU625P2UW3;
				GENERATE_INFOPLIST_FILE = YES;
				IPHONEOS_DEPLOYMENT_TARGET = 16.2;
				MARKETING_VERSION = 1.0;
				PRODUCT_BUNDLE_IDENTIFIER = com.hferrari.GitHubFollowersTests;
				PRODUCT_NAME = "$(TARGET_NAME)";
				SWIFT_EMIT_LOC_STRINGS = NO;
				SWIFT_VERSION = 5.0;
				TARGETED_DEVICE_FAMILY = "1,2";
				TEST_HOST = "$(BUILT_PRODUCTS_DIR)/GitHubFollowers.app/$(BUNDLE_EXECUTABLE_FOLDER_PATH)/GitHubFollowers";
			};
			name = Debug;
		};
		740740B52B6C132A00AF5474 /* Release */ = {
			isa = XCBuildConfiguration;
			buildSettings = {
				ALWAYS_EMBED_SWIFT_STANDARD_LIBRARIES = YES;
				BUNDLE_LOADER = "$(TEST_HOST)";
				CODE_SIGN_STYLE = Automatic;
				CURRENT_PROJECT_VERSION = 1;
				DEVELOPMENT_TEAM = PU625P2UW3;
				GENERATE_INFOPLIST_FILE = YES;
				IPHONEOS_DEPLOYMENT_TARGET = 16.2;
				MARKETING_VERSION = 1.0;
				PRODUCT_BUNDLE_IDENTIFIER = com.hferrari.GitHubFollowersTests;
				PRODUCT_NAME = "$(TARGET_NAME)";
				SWIFT_EMIT_LOC_STRINGS = NO;
				SWIFT_VERSION = 5.0;
				TARGETED_DEVICE_FAMILY = "1,2";
				TEST_HOST = "$(BUILT_PRODUCTS_DIR)/GitHubFollowers.app/$(BUNDLE_EXECUTABLE_FOLDER_PATH)/GitHubFollowers";
			};
			name = Release;
		};
/* End XCBuildConfiguration section */

/* Begin XCConfigurationList section */
		740740812B6C131F00AF5474 /* Build configuration list for PBXProject "GitHubFollowers" */ = {
			isa = XCConfigurationList;
			buildConfigurations = (
				740740AE2B6C132A00AF5474 /* Debug */,
				740740AF2B6C132A00AF5474 /* Release */,
			);
			defaultConfigurationIsVisible = 0;
			defaultConfigurationName = Release;
		};
		740740B02B6C132A00AF5474 /* Build configuration list for PBXNativeTarget "GitHubFollowers" */ = {
			isa = XCConfigurationList;
			buildConfigurations = (
				740740B12B6C132A00AF5474 /* Debug */,
				740740B22B6C132A00AF5474 /* Release */,
			);
			defaultConfigurationIsVisible = 0;
			defaultConfigurationName = Release;
		};
		740740B32B6C132A00AF5474 /* Build configuration list for PBXNativeTarget "GitHubFollowersTests" */ = {
			isa = XCConfigurationList;
			buildConfigurations = (
				740740B42B6C132A00AF5474 /* Debug */,
				740740B52B6C132A00AF5474 /* Release */,
			);
			defaultConfigurationIsVisible = 0;
			defaultConfigurationName = Release;
		};
/* End XCConfigurationList section */
	};
	rootObject = 7407407E2B6C131F00AF5474 /* Project object */;
}
